
Microsoft Visual Studio Solution File, Format Version 11.00
# Visual Studio 2010
Project("{FAE04EC0-301F-11D3-BF4B-00C04F79EFBC}") = "UniRx", "UniRx.csproj", "{9637eb81-8f5b-375b-6c22-7d4bbb301225}"
EndProject
Project("{FAE04EC0-301F-11D3-BF4B-00C04F79EFBC}") = "Assembly-CSharp", "Assembly-CSharp.csproj", "{91cd2f7e-7667-2069-9b86-f0df19122279}"
EndProject
Project("{FAE04EC0-301F-11D3-BF4B-00C04F79EFBC}") = "UniRx.Examples", "UniRx.Examples.csproj", "{363d8e2c-a2b3-4dfe-5a0e-473e7332602c}"
EndProject
Project("{FAE04EC0-301F-11D3-BF4B-00C04F79EFBC}") = "Assembly-CSharp-Editor", "Assembly-CSharp-Editor.csproj", "{7d49d873-56ae-a038-d811-c6de6bf5b866}"
EndProject
Global
	GlobalSection(SolutionConfigurationPlatforms) = preSolution
		Debug|Any CPU = Debug|Any CPU
		Release|Any CPU = Release|Any CPU
	EndGlobalSection
	GlobalSection(ProjectConfigurationPlatforms) = postSolution
		{9637eb81-8f5b-375b-6c22-7d4bbb301225}.Debug|Any CPU.ActiveCfg = Debug|Any CPU
		{9637eb81-8f5b-375b-6c22-7d4bbb301225}.Debug|Any CPU.Build.0 = Debug|Any CPU
		{9637eb81-8f5b-375b-6c22-7d4bbb301225}.Release|Any CPU.ActiveCfg = Release|Any CPU
		{9637eb81-8f5b-375b-6c22-7d4bbb301225}.Release|Any CPU.Build.0 = Release|Any CPU
		{91cd2f7e-7667-2069-9b86-f0df19122279}.Debug|Any CPU.ActiveCfg = Debug|Any CPU
		{91cd2f7e-7667-2069-9b86-f0df19122279}.Debug|Any CPU.Build.0 = Debug|Any CPU
		{91cd2f7e-7667-2069-9b86-f0df19122279}.Release|Any CPU.ActiveCfg = Release|Any CPU
		{91cd2f7e-7667-2069-9b86-f0df19122279}.Release|Any CPU.Build.0 = Release|Any CPU
		{363d8e2c-a2b3-4dfe-5a0e-473e7332602c}.Debug|Any CPU.ActiveCfg = Debug|Any CPU
		{363d8e2c-a2b3-4dfe-5a0e-473e7332602c}.Debug|Any CPU.Build.0 = Debug|Any CPU
		{363d8e2c-a2b3-4dfe-5a0e-473e7332602c}.Release|Any CPU.ActiveCfg = Release|Any CPU
		{363d8e2c-a2b3-4dfe-5a0e-473e7332602c}.Release|Any CPU.Build.0 = Release|Any CPU
		{7d49d873-56ae-a038-d811-c6de6bf5b866}.Debug|Any CPU.ActiveCfg = Debug|Any CPU
		{7d49d873-56ae-a038-d811-c6de6bf5b866}.Debug|Any CPU.Build.0 = Debug|Any CPU
		{7d49d873-56ae-a038-d811-c6de6bf5b866}.Release|Any CPU.ActiveCfg = Release|Any CPU
		{7d49d873-56ae-a038-d811-c6de6bf5b866}.Release|Any CPU.Build.0 = Release|Any CPU
	EndGlobalSection
	GlobalSection(SolutionProperties) = preSolution
		HideSolutionNode = FALSE
	EndGlobalSection
EndGlobal
